
Microsoft Visual Studio Solution File, Format Version 12.00
# Visual Studio Version 16
VisualStudioVersion = 16.0.29318.209
MinimumVisualStudioVersion = 10.0.40219.1
Project("{F184B08F-C81C-45F6-A57F-5ABD9991F28F}") = "single_page", "single_page\single_page.vbproj", "{572B7A60-DBE7-4A48-BC12-08013890803A}"
EndProject
Global
	GlobalSection(SolutionConfigurationPlatforms) = preSolution
		Debug|Any CPU = Debug|Any CPU
		Release|Any CPU = Release|Any CPU
	EndGlobalSection
	GlobalSection(ProjectConfigurationPlatforms) = postSolution
		{572B7A60-DBE7-4A48-BC12-08013890803A}.Debug|Any CPU.ActiveCfg = Debug|Any CPU
		{572B7A60-DBE7-4A48-BC12-08013890803A}.Debug|Any CPU.Build.0 = Debug|Any CPU
		{572B7A60-DBE7-4A48-BC12-08013890803A}.Release|Any CPU.ActiveCfg = Release|Any CPU
		{572B7A60-DBE7-4A48-BC12-08013890803A}.Release|Any CPU.Build.0 = Release|Any CPU
	EndGlobalSection
	GlobalSection(SolutionProperties) = preSolution
		HideSolutionNode = FALSE
	EndGlobalSection
	GlobalSection(ExtensibilityGlobals) = postSolution
		SolutionGuid = {2AEA8B27-7577-4398-AB86-EEC64D6DBCEB}
	EndGlobalSection
EndGlobal
